
Microsoft Visual Studio Solution File, Format Version 12.00
# Visual Studio Version 17
VisualStudioVersion = 17.10.35027.167
MinimumVisualStudioVersion = 10.0.40219.1
Project("{FAE04EC0-301F-11D3-BF4B-00C04F79EFBC}") = "WebApplication1", "WebApplication1\WebApplication1.csproj", "{A53D0D55-4DB9-44F5-AE28-E5328F273B12}"
EndProject
Global
	GlobalSection(SolutionConfigurationPlatforms) = preSolution
		Debug|Any CPU = Debug|Any CPU
		Release|Any CPU = Release|Any CPU
	EndGlobalSection
	GlobalSection(ProjectConfigurationPlatforms) = postSolution
		{A53D0D55-4DB9-44F5-AE28-E5328F273B12}.Debug|Any CPU.ActiveCfg = Debug|Any CPU
		{A53D0D55-4DB9-44F5-AE28-E5328F273B12}.Debug|Any CPU.Build.0 = Debug|Any CPU
		{A53D0D55-4DB9-44F5-AE28-E5328F273B12}.Release|Any CPU.ActiveCfg = Release|Any CPU
		{A53D0D55-4DB9-44F5-AE28-E5328F273B12}.Release|Any CPU.Build.0 = Release|Any CPU
	EndGlobalSection
	GlobalSection(SolutionProperties) = preSolution
		HideSolutionNode = FALSE
	EndGlobalSection
	GlobalSection(ExtensibilityGlobals) = postSolution
		SolutionGuid = {FFC5A21F-7E85-4580-AA09-0D66CDB93423}
	EndGlobalSection
EndGlobal
